
Microsoft Visual Studio Solution File, Format Version 12.00
# Visual Studio 14
VisualStudioVersion = 14.0.25420.1
MinimumVisualStudioVersion = 10.0.40219.1
Project("{FAE04EC0-301F-11D3-BF4B-00C04F79EFBC}") = "Task.Domain", "Task.Domain\Task.Domain.csproj", "{A617899A-322D-4D1C-96B2-EFB44494A30D}"
EndProject
Project("{FAE04EC0-301F-11D3-BF4B-00C04F79EFBC}") = "ToDo.Service", "ToDo.Service\ToDo.Service.csproj", "{2C16881D-AB58-4575-8FFE-7E25C29F7134}"
EndProject
Project("{FAE04EC0-301F-11D3-BF4B-00C04F79EFBC}") = "Task.WebApp", "Task.WebApp\Task.WebApp.csproj", "{73C682F1-E381-4FFA-AC6B-FDA2507B5957}"
EndProject
Global
	GlobalSection(SolutionConfigurationPlatforms) = preSolution
		Debug|Any CPU = Debug|Any CPU
		Release|Any CPU = Release|Any CPU
	EndGlobalSection
	GlobalSection(ProjectConfigurationPlatforms) = postSolution
		{A617899A-322D-4D1C-96B2-EFB44494A30D}.Debug|Any CPU.ActiveCfg = Debug|Any CPU
		{A617899A-322D-4D1C-96B2-EFB44494A30D}.Debug|Any CPU.Build.0 = Debug|Any CPU
		{A617899A-322D-4D1C-96B2-EFB44494A30D}.Release|Any CPU.ActiveCfg = Release|Any CPU
		{A617899A-322D-4D1C-96B2-EFB44494A30D}.Release|Any CPU.Build.0 = Release|Any CPU
		{2C16881D-AB58-4575-8FFE-7E25C29F7134}.Debug|Any CPU.ActiveCfg = Debug|Any CPU
		{2C16881D-AB58-4575-8FFE-7E25C29F7134}.Debug|Any CPU.Build.0 = Debug|Any CPU
		{2C16881D-AB58-4575-8FFE-7E25C29F7134}.Release|Any CPU.ActiveCfg = Release|Any CPU
		{2C16881D-AB58-4575-8FFE-7E25C29F7134}.Release|Any CPU.Build.0 = Release|Any CPU
		{73C682F1-E381-4FFA-AC6B-FDA2507B5957}.Debug|Any CPU.ActiveCfg = Debug|Any CPU
		{73C682F1-E381-4FFA-AC6B-FDA2507B5957}.Debug|Any CPU.Build.0 = Debug|Any CPU
		{73C682F1-E381-4FFA-AC6B-FDA2507B5957}.Release|Any CPU.ActiveCfg = Release|Any CPU
		{73C682F1-E381-4FFA-AC6B-FDA2507B5957}.Release|Any CPU.Build.0 = Release|Any CPU
	EndGlobalSection
	GlobalSection(SolutionProperties) = preSolution
		HideSolutionNode = FALSE
	EndGlobalSection
EndGlobal
